
Microsoft Visual Studio Solution File, Format Version 12.00
# Visual Studio Version 17
VisualStudioVersion = 17.4.33205.214
MinimumVisualStudioVersion = 10.0.40219.1
Project("{FAE04EC0-301F-11D3-BF4B-00C04F79EFBC}") = "Reservations.UWP", "Reservations\Reservations.UWP\Reservations.UWP.csproj", "{B72BEE5C-3AA6-413A-B6B1-2CE73F79B124}"
EndProject
Project("{FAE04EC0-301F-11D3-BF4B-00C04F79EFBC}") = "Reservations.Android", "Reservations\Reservations.Android\Reservations.Android.csproj", "{BCD850A9-D95B-45AC-9697-7FDA6B098D71}"
EndProject
Project("{FAE04EC0-301F-11D3-BF4B-00C04F79EFBC}") = "Reservations.iOS", "Reservations\Reservations.iOS\Reservations.iOS.csproj", "{3A297B2B-65D6-4004-9F8B-0938929FA1DF}"
EndProject
Project("{FAE04EC0-301F-11D3-BF4B-00C04F79EFBC}") = "Reservations", "Reservations\Reservations\Reservations.csproj", "{BA72F0CF-596D-4178-9D67-1AC2BD0EECF3}"
EndProject
Global
	GlobalSection(SolutionConfigurationPlatforms) = preSolution
		Debug|Any CPU = Debug|Any CPU
		Debug|ARM = Debug|ARM
		Debug|iPhone = Debug|iPhone
		Debug|iPhoneSimulator = Debug|iPhoneSimulator
		Debug|x64 = Debug|x64
		Debug|x86 = Debug|x86
		Release|Any CPU = Release|Any CPU
		Release|ARM = Release|ARM
		Release|iPhone = Release|iPhone
		Release|iPhoneSimulator = Release|iPhoneSimulator
		Release|x64 = Release|x64
		Release|x86 = Release|x86
	EndGlobalSection
	GlobalSection(ProjectConfigurationPlatforms) = postSolution
		{B72BEE5C-3AA6-413A-B6B1-2CE73F79B124}.Debug|Any CPU.ActiveCfg = Debug|x64
		{B72BEE5C-3AA6-413A-B6B1-2CE73F79B124}.Debug|Any CPU.Build.0 = Debug|x64
		{B72BEE5C-3AA6-413A-B6B1-2CE73F79B124}.Debug|Any CPU.Deploy.0 = Debug|x64
		{B72BEE5C-3AA6-413A-B6B1-2CE73F79B124}.Debug|ARM.ActiveCfg = Debug|ARM
		{B72BEE5C-3AA6-413A-B6B1-2CE73F79B124}.Debug|ARM.Build.0 = Debug|ARM
		{B72BEE5C-3AA6-413A-B6B1-2CE73F79B124}.Debug|ARM.Deploy.0 = Debug|ARM
		{B72BEE5C-3AA6-413A-B6B1-2CE73F79B124}.Debug|iPhone.ActiveCfg = Debug|x64
		{B72BEE5C-3AA6-413A-B6B1-2CE73F79B124}.Debug|iPhone.Build.0 = Debug|x64
		{B72BEE5C-3AA6-413A-B6B1-2CE73F79B124}.Debug|iPhone.Deploy.0 = Debug|x64
		{B72BEE5C-3AA6-413A-B6B1-2CE73F79B124}.Debug|iPhoneSimulator.ActiveCfg = Debug|x64
		{B72BEE5C-3AA6-413A-B6B1-2CE73F79B124}.Debug|iPhoneSimulator.Build.0 = Debug|x64
		{B72BEE5C-3AA6-413A-B6B1-2CE73F79B124}.Debug|iPhoneSimulator.Deploy.0 = Debug|x64
		{B72BEE5C-3AA6-413A-B6B1-2CE73F79B124}.Debug|x64.ActiveCfg = Debug|x64
		{B72BEE5C-3AA6-413A-B6B1-2CE73F79B124}.Debug|x64.Build.0 = Debug|x64
		{B72BEE5C-3AA6-413A-B6B1-2CE73F79B124}.Debug|x64.Deploy.0 = Debug|x64
		{B72BEE5C-3AA6-413A-B6B1-2CE73F79B124}.Debug|x86.ActiveCfg = Debug|x86
		{B72BEE5C-3AA6-413A-B6B1-2CE73F79B124}.Debug|x86.Build.0 = Debug|x86
		{B72BEE5C-3AA6-413A-B6B1-2CE73F79B124}.Debug|x86.Deploy.0 = Debug|x86
		{B72BEE5C-3AA6-413A-B6B1-2CE73F79B124}.Release|Any CPU.ActiveCfg = Release|x64
		{B72BEE5C-3AA6-413A-B6B1-2CE73F79B124}.Release|Any CPU.Build.0 = Release|x64
		{B72BEE5C-3AA6-413A-B6B1-2CE73F79B124}.Release|Any CPU.Deploy.0 = Release|x64
		{B72BEE5C-3AA6-413A-B6B1-2CE73F79B124}.Release|ARM.ActiveCfg = Release|ARM
		{B72BEE5C-3AA6-413A-B6B1-2CE73F79B124}.Release|ARM.Build.0 = Release|ARM
		{B72BEE5C-3AA6-413A-B6B1-2CE73F79B124}.Release|ARM.Deploy.0 = Release|ARM
		{B72BEE5C-3AA6-413A-B6B1-2CE73F79B124}.Release|iPhone.ActiveCfg = Release|x64
		{B72BEE5C-3AA6-413A-B6B1-2CE73F79B124}.Release|iPhone.Build.0 = Release|x64
		{B72BEE5C-3AA6-413A-B6B1-2CE73F79B124}.Release|iPhone.Deploy.0 = Release|x64
		{B72BEE5C-3AA6-413A-B6B1-2CE73F79B124}.Release|iPhoneSimulator.ActiveCfg = Release|x64
		{B72BEE5C-3AA6-413A-B6B1-2CE73F79B124}.Release|iPhoneSimulator.Build.0 = Release|x64
		{B72BEE5C-3AA6-413A-B6B1-2CE73F79B124}.Release|iPhoneSimulator.Deploy.0 = Release|x64
		{B72BEE5C-3AA6-413A-B6B1-2CE73F79B124}.Release|x64.ActiveCfg = Release|x64
		{B72BEE5C-3AA6-413A-B6B1-2CE73F79B124}.Release|x64.Build.0 = Release|x64
		{B72BEE5C-3AA6-413A-B6B1-2CE73F79B124}.Release|x64.Deploy.0 = Release|x64
		{B72BEE5C-3AA6-413A-B6B1-2CE73F79B124}.Release|x86.ActiveCfg = Release|x86
		{B72BEE5C-3AA6-413A-B6B1-2CE73F79B124}.Release|x86.Build.0 = Release|x86
		{B72BEE5C-3AA6-413A-B6B1-2CE73F79B124}.Release|x86.Deploy.0 = Release|x86
		{BCD850A9-D95B-45AC-9697-7FDA6B098D71}.Debug|Any CPU.ActiveCfg = Debug|Any CPU
		{BCD850A9-D95B-45AC-9697-7FDA6B098D71}.Debug|Any CPU.Build.0 = Debug|Any CPU
		{BCD850A9-D95B-45AC-9697-7FDA6B098D71}.Debug|Any CPU.Deploy.0 = Debug|Any CPU
		{BCD850A9-D95B-45AC-9697-7FDA6B098D71}.Debug|ARM.ActiveCfg = Debug|Any CPU
		{BCD850A9-D95B-45AC-9697-7FDA6B098D71}.Debug|ARM.Build.0 = Debug|Any CPU
		{BCD850A9-D95B-45AC-9697-7FDA6B098D71}.Debug|ARM.Deploy.0 = Debug|Any CPU
		{BCD850A9-D95B-45AC-9697-7FDA6B098D71}.Debug|iPhone.ActiveCfg = Debug|Any CPU
		{BCD850A9-D95B-45AC-9697-7FDA6B098D71}.Debug|iPhone.Build.0 = Debug|Any CPU
		{BCD850A9-D95B-45AC-9697-7FDA6B098D71}.Debug|iPhone.Deploy.0 = Debug|Any CPU
		{BCD850A9-D95B-45AC-9697-7FDA6B098D71}.Debug|iPhoneSimulator.ActiveCfg = Debug|Any CPU
		{BCD850A9-D95B-45AC-9697-7FDA6B098D71}.Debug|iPhoneSimulator.Build.0 = Debug|Any CPU
		{BCD850A9-D95B-45AC-9697-7FDA6B098D71}.Debug|iPhoneSimulator.Deploy.0 = Debug|Any CPU
		{BCD850A9-D95B-45AC-9697-7FDA6B098D71}.Debug|x64.ActiveCfg = Debug|Any CPU
		{BCD850A9-D95B-45AC-9697-7FDA6B098D71}.Debug|x64.Build.0 = Debug|Any CPU
		{BCD850A9-D95B-45AC-9697-7FDA6B098D71}.Debug|x64.Deploy.0 = Debug|Any CPU
		{BCD850A9-D95B-45AC-9697-7FDA6B098D71}.Debug|x86.ActiveCfg = Debug|Any CPU
		{BCD850A9-D95B-45AC-9697-7FDA6B098D71}.Debug|x86.Build.0 = Debug|Any CPU
		{BCD850A9-D95B-45AC-9697-7FDA6B098D71}.Debug|x86.Deploy.0 = Debug|Any CPU
		{BCD850A9-D95B-45AC-9697-7FDA6B098D71}.Release|Any CPU.ActiveCfg = Release|Any CPU
		{BCD850A9-D95B-45AC-9697-7FDA6B098D71}.Release|Any CPU.Build.0 = Release|Any CPU
		{BCD850A9-D95B-45AC-9697-7FDA6B098D71}.Release|Any CPU.Deploy.0 = Release|Any CPU
		{BCD850A9-D95B-45AC-9697-7FDA6B098D71}.Release|ARM.ActiveCfg = Release|Any CPU
		{BCD850A9-D95B-45AC-9697-7FDA6B098D71}.Release|ARM.Build.0 = Release|Any CPU
		{BCD850A9-D95B-45AC-9697-7FDA6B098D71}.Release|ARM.Deploy.0 = Release|Any CPU
		{BCD850A9-D95B-45AC-9697-7FDA6B098D71}.Release|iPhone.ActiveCfg = Release|Any CPU
		{BCD850A9-D95B-45AC-9697-7FDA6B098D71}.Release|iPhone.Build.0 = Release|Any CPU
		{BCD850A9-D95B-45AC-9697-7FDA6B098D71}.Release|iPhone.Deploy.0 = Release|Any CPU
		{BCD850A9-D95B-45AC-9697-7FDA6B098D71}.Release|iPhoneSimulator.ActiveCfg = Release|Any CPU
		{BCD850A9-D95B-45AC-9697-7FDA6B098D71}.Release|iPhoneSimulator.Build.0 = Release|Any CPU
		{BCD850A9-D95B-45AC-9697-7FDA6B098D71}.Release|iPhoneSimulator.Deploy.0 = Release|Any CPU
		{BCD850A9-D95B-45AC-9697-7FDA6B098D71}.Release|x64.ActiveCfg = Release|Any CPU
		{BCD850A9-D95B-45AC-9697-7FDA6B098D71}.Release|x64.Build.0 = Release|Any CPU
		{BCD850A9-D95B-45AC-9697-7FDA6B098D71}.Release|x64.Deploy.0 = Release|Any CPU
		{BCD850A9-D95B-45AC-9697-7FDA6B098D71}.Release|x86.ActiveCfg = Release|Any CPU
		{BCD850A9-D95B-45AC-9697-7FDA6B098D71}.Release|x86.Build.0 = Release|Any CPU
		{BCD850A9-D95B-45AC-9697-7FDA6B098D71}.Release|x86.Deploy.0 = Release|Any CPU
		{3A297B2B-65D6-4004-9F8B-0938929FA1DF}.Debug|Any CPU.ActiveCfg = Debug|iPhoneSimulator
		{3A297B2B-65D6-4004-9F8B-0938929FA1DF}.Debug|Any CPU.Build.0 = Debug|iPhoneSimulator
		{3A297B2B-65D6-4004-9F8B-0938929FA1DF}.Debug|Any CPU.Deploy.0 = Debug|iPhoneSimulator
		{3A297B2B-65D6-4004-9F8B-0938929FA1DF}.Debug|ARM.ActiveCfg = Debug|iPhoneSimulator
		{3A297B2B-65D6-4004-9F8B-0938929FA1DF}.Debug|ARM.Build.0 = Debug|iPhoneSimulator
		{3A297B2B-65D6-4004-9F8B-0938929FA1DF}.Debug|ARM.Deploy.0 = Debug|iPhoneSimulator
		{3A297B2B-65D6-4004-9F8B-0938929FA1DF}.Debug|iPhone.ActiveCfg = Debug|iPhone
		{3A297B2B-65D6-4004-9F8B-0938929FA1DF}.Debug|iPhone.Build.0 = Debug|iPhone
		{3A297B2B-65D6-4004-9F8B-0938929FA1DF}.Debug|iPhone.Deploy.0 = Debug|iPhone
		{3A297B2B-65D6-4004-9F8B-0938929FA1DF}.Debug|iPhoneSimulator.ActiveCfg = Debug|iPhoneSimulator
		{3A297B2B-65D6-4004-9F8B-0938929FA1DF}.Debug|iPhoneSimulator.Build.0 = Debug|iPhoneSimulator
		{3A297B2B-65D6-4004-9F8B-0938929FA1DF}.Debug|iPhoneSimulator.Deploy.0 = Debug|iPhoneSimulator
		{3A297B2B-65D6-4004-9F8B-0938929FA1DF}.Debug|x64.ActiveCfg = Debug|iPhone
		{3A297B2B-65D6-4004-9F8B-0938929FA1DF}.Debug|x64.Build.0 = Debug|iPhone
		{3A297B2B-65D6-4004-9F8B-0938929FA1DF}.Debug|x64.Deploy.0 = Debug|iPhone
		{3A297B2B-65D6-4004-9F8B-0938929FA1DF}.Debug|x86.ActiveCfg = Debug|iPhoneSimulator
		{3A297B2B-65D6-4004-9F8B-0938929FA1DF}.Debug|x86.Build.0 = Debug|iPhoneSimulator
		{3A297B2B-65D6-4004-9F8B-0938929FA1DF}.Debug|x86.Deploy.0 = Debug|iPhoneSimulator
		{3A297B2B-65D6-4004-9F8B-0938929FA1DF}.Release|Any CPU.ActiveCfg = Release|iPhoneSimulator
		{3A297B2B-65D6-4004-9F8B-0938929FA1DF}.Release|Any CPU.Build.0 = Release|iPhoneSimulator
		{3A297B2B-65D6-4004-9F8B-0938929FA1DF}.Release|Any CPU.Deploy.0 = Release|iPhoneSimulator
		{3A297B2B-65D6-4004-9F8B-0938929FA1DF}.Release|ARM.ActiveCfg = Release|iPhoneSimulator
		{3A297B2B-65D6-4004-9F8B-0938929FA1DF}.Release|ARM.Build.0 = Release|iPhoneSimulator
		{3A297B2B-65D6-4004-9F8B-0938929FA1DF}.Release|ARM.Deploy.0 = Release|iPhoneSimulator
		{3A297B2B-65D6-4004-9F8B-0938929FA1DF}.Release|iPhone.ActiveCfg = Release|iPhone
		{3A297B2B-65D6-4004-9F8B-0938929FA1DF}.Release|iPhone.Build.0 = Release|iPhone
		{3A297B2B-65D6-4004-9F8B-0938929FA1DF}.Release|iPhone.Deploy.0 = Release|iPhone
		{3A297B2B-65D6-4004-9F8B-0938929FA1DF}.Release|iPhoneSimulator.ActiveCfg = Release|iPhoneSimulator
		{3A297B2B-65D6-4004-9F8B-0938929FA1DF}.Release|iPhoneSimulator.Build.0 = Release|iPhoneSimulator
		{3A297B2B-65D6-4004-9F8B-0938929FA1DF}.Release|iPhoneSimulator.Deploy.0 = Release|iPhoneSimulator
		{3A297B2B-65D6-4004-9F8B-0938929FA1DF}.Release|x64.ActiveCfg = Release|iPhoneSimulator
		{3A297B2B-65D6-4004-9F8B-0938929FA1DF}.Release|x64.Build.0 = Release|iPhoneSimulator
		{3A297B2B-65D6-4004-9F8B-0938929FA1DF}.Release|x64.Deploy.0 = Release|iPhoneSimulator
		{3A297B2B-65D6-4004-9F8B-0938929FA1DF}.Release|x86.ActiveCfg = Release|iPhoneSimulator
		{3A297B2B-65D6-4004-9F8B-0938929FA1DF}.Release|x86.Build.0 = Release|iPhoneSimulator
		{3A297B2B-65D6-4004-9F8B-0938929FA1DF}.Release|x86.Deploy.0 = Release|iPhoneSimulator
		{BA72F0CF-596D-4178-9D67-1AC2BD0EECF3}.Debug|Any CPU.ActiveCfg = Debug|Any CPU
		{BA72F0CF-596D-4178-9D67-1AC2BD0EECF3}.Debug|Any CPU.Build.0 = Debug|Any CPU
		{BA72F0CF-596D-4178-9D67-1AC2BD0EECF3}.Debug|Any CPU.Deploy.0 = Debug|Any CPU
		{BA72F0CF-596D-4178-9D67-1AC2BD0EECF3}.Debug|ARM.ActiveCfg = Debug|Any CPU
		{BA72F0CF-596D-4178-9D67-1AC2BD0EECF3}.Debug|ARM.Build.0 = Debug|Any CPU
		{BA72F0CF-596D-4178-9D67-1AC2BD0EECF3}.Debug|ARM.Deploy.0 = Debug|Any CPU
		{BA72F0CF-596D-4178-9D67-1AC2BD0EECF3}.Debug|iPhone.ActiveCfg = Debug|Any CPU
		{BA72F0CF-596D-4178-9D67-1AC2BD0EECF3}.Debug|iPhone.Build.0 = Debug|Any CPU
		{BA72F0CF-596D-4178-9D67-1AC2BD0EECF3}.Debug|iPhone.Deploy.0 = Debug|Any CPU
		{BA72F0CF-596D-4178-9D67-1AC2BD0EECF3}.Debug|iPhoneSimulator.ActiveCfg = Debug|Any CPU
		{BA72F0CF-596D-4178-9D67-1AC2BD0EECF3}.Debug|iPhoneSimulator.Build.0 = Debug|Any CPU
		{BA72F0CF-596D-4178-9D67-1AC2BD0EECF3}.Debug|iPhoneSimulator.Deploy.0 = Debug|Any CPU
		{BA72F0CF-596D-4178-9D67-1AC2BD0EECF3}.Debug|x64.ActiveCfg = Debug|Any CPU
		{BA72F0CF-596D-4178-9D67-1AC2BD0EECF3}.Debug|x64.Build.0 = Debug|Any CPU
		{BA72F0CF-596D-4178-9D67-1AC2BD0EECF3}.Debug|x64.Deploy.0 = Debug|Any CPU
		{BA72F0CF-596D-4178-9D67-1AC2BD0EECF3}.Debug|x86.ActiveCfg = Debug|Any CPU
		{BA72F0CF-596D-4178-9D67-1AC2BD0EECF3}.Debug|x86.Build.0 = Debug|Any CPU
		{BA72F0CF-596D-4178-9D67-1AC2BD0EECF3}.Debug|x86.Deploy.0 = Debug|Any CPU
		{BA72F0CF-596D-4178-9D67-1AC2BD0EECF3}.Release|Any CPU.ActiveCfg = Release|Any CPU
		{BA72F0CF-596D-4178-9D67-1AC2BD0EECF3}.Release|Any CPU.Build.0 = Release|Any CPU
		{BA72F0CF-596D-4178-9D67-1AC2BD0EECF3}.Release|Any CPU.Deploy.0 = Release|Any CPU
		{BA72F0CF-596D-4178-9D67-1AC2BD0EECF3}.Release|ARM.ActiveCfg = Release|Any CPU
		{BA72F0CF-596D-4178-9D67-1AC2BD0EECF3}.Release|ARM.Build.0 = Release|Any CPU
		{BA72F0CF-596D-4178-9D67-1AC2BD0EECF3}.Release|ARM.Deploy.0 = Release|Any CPU
		{BA72F0CF-596D-4178-9D67-1AC2BD0EECF3}.Release|iPhone.ActiveCfg = Release|Any CPU
		{BA72F0CF-596D-4178-9D67-1AC2BD0EECF3}.Release|iPhone.Build.0 = Release|Any CPU
		{BA72F0CF-596D-4178-9D67-1AC2BD0EECF3}.Release|iPhone.Deploy.0 = Release|Any CPU
		{BA72F0CF-596D-4178-9D67-1AC2BD0EECF3}.Release|iPhoneSimulator.ActiveCfg = Release|Any CPU
		{BA72F0CF-596D-4178-9D67-1AC2BD0EECF3}.Release|iPhoneSimulator.Build.0 = Release|Any CPU
		{BA72F0CF-596D-4178-9D67-1AC2BD0EECF3}.Release|iPhoneSimulator.Deploy.0 = Release|Any CPU
		{BA72F0CF-596D-4178-9D67-1AC2BD0EECF3}.Release|x64.ActiveCfg = Release|Any CPU
		{BA72F0CF-596D-4178-9D67-1AC2BD0EECF3}.Release|x64.Build.0 = Release|Any CPU
		{BA72F0CF-596D-4178-9D67-1AC2BD0EECF3}.Release|x64.Deploy.0 = Release|Any CPU
		{BA72F0CF-596D-4178-9D67-1AC2BD0EECF3}.Release|x86.ActiveCfg = Release|Any CPU
		{BA72F0CF-596D-4178-9D67-1AC2BD0EECF3}.Release|x86.Build.0 = Release|Any CPU
		{BA72F0CF-596D-4178-9D67-1AC2BD0EECF3}.Release|x86.Deploy.0 = Release|Any CPU
	EndGlobalSection
	GlobalSection(SolutionProperties) = preSolution
		HideSolutionNode = FALSE
	EndGlobalSection
	GlobalSection(ExtensibilityGlobals) = postSolution
		SolutionGuid = {F6552EC7-4FC5-443D-B3AE-FF1BDE7D0192}
	EndGlobalSection
EndGlobal
